// !$*UTF8*$!
{
	archiveVersion = 1;
	classes = {
	};
	objectVersion = 50;
	objects = {

/* Begin PBXBuildFile section */
		0D1068C425693440002E5909 /* ProfileViewController.swift in Sources */ = {isa = PBXBuildFile; fileRef = 0D1068C325693440002E5909 /* ProfileViewController.swift */; };
		0D1068C625693453002E5909 /* Profile.storyboard in Resources */ = {isa = PBXBuildFile; fileRef = 0D1068C525693453002E5909 /* Profile.storyboard */; };
		0D1068C825693A15002E5909 /* Assets.xcassets in Resources */ = {isa = PBXBuildFile; fileRef = 0D1068C725693A15002E5909 /* Assets.xcassets */; };
		0D1068CB25693C24002E5909 /* AdmActions.storyboard in Resources */ = {isa = PBXBuildFile; fileRef = 0D1068CA25693C24002E5909 /* AdmActions.storyboard */; };
		0D1068CD25693EF5002E5909 /* AdmActionsViewController.swift in Sources */ = {isa = PBXBuildFile; fileRef = 0D1068CC25693EF5002E5909 /* AdmActionsViewController.swift */; };
		0D1068CF25693FC6002E5909 /* ActionsCell.swift in Sources */ = {isa = PBXBuildFile; fileRef = 0D1068CE25693FC6002E5909 /* ActionsCell.swift */; };
		0D1068D225694CF1002E5909 /* MonthAction.storyboard in Resources */ = {isa = PBXBuildFile; fileRef = 0D1068D125694CF1002E5909 /* MonthAction.storyboard */; };
		0D1068D425695209002E5909 /* MonthActionViewController.swift in Sources */ = {isa = PBXBuildFile; fileRef = 0D1068D325695209002E5909 /* MonthActionViewController.swift */; };
		0D1068D625695D72002E5909 /* Extensions.swift in Sources */ = {isa = PBXBuildFile; fileRef = 0D1068D525695D72002E5909 /* Extensions.swift */; };
		0D153B39256A9D8E00E391AB /* CreateAction.storyboard in Resources */ = {isa = PBXBuildFile; fileRef = 0D153B38256A9D8E00E391AB /* CreateAction.storyboard */; };
		0D153B3B256AA35400E391AB /* CreateActionViewController.swift in Sources */ = {isa = PBXBuildFile; fileRef = 0D153B3A256AA35400E391AB /* CreateActionViewController.swift */; };
		0D153B3E256AB10900E391AB /* ParticipantsList.storyboard in Resources */ = {isa = PBXBuildFile; fileRef = 0D153B3D256AB10900E391AB /* ParticipantsList.storyboard */; };
		0D153B40256AB26600E391AB /* ParticipantsViewController.swift in Sources */ = {isa = PBXBuildFile; fileRef = 0D153B3F256AB26600E391AB /* ParticipantsViewController.swift */; };
		0D153B42256AB28C00E391AB /* ParticipantsCell.swift in Sources */ = {isa = PBXBuildFile; fileRef = 0D153B41256AB28C00E391AB /* ParticipantsCell.swift */; };
		0D77862A255A235300255307 /* AppDelegate.swift in Sources */ = {isa = PBXBuildFile; fileRef = 0D778629255A235300255307 /* AppDelegate.swift */; };
		0D77862C255A235300255307 /* SceneDelegate.swift in Sources */ = {isa = PBXBuildFile; fileRef = 0D77862B255A235300255307 /* SceneDelegate.swift */; };
		0D77862E255A235300255307 /* ViewController.swift in Sources */ = {isa = PBXBuildFile; fileRef = 0D77862D255A235300255307 /* ViewController.swift */; };
		0D778631255A235300255307 /* Main.storyboard in Resources */ = {isa = PBXBuildFile; fileRef = 0D77862F255A235300255307 /* Main.storyboard */; };
		0D778636255A235800255307 /* LaunchScreen.storyboard in Resources */ = {isa = PBXBuildFile; fileRef = 0D778634255A235800255307 /* LaunchScreen.storyboard */; };
		0D77863F255A260200255307 /* Login.storyboard in Resources */ = {isa = PBXBuildFile; fileRef = 0D77863E255A260200255307 /* Login.storyboard */; };
		0D778641255A263200255307 /* LoginViewController.swift in Sources */ = {isa = PBXBuildFile; fileRef = 0D778640255A263200255307 /* LoginViewController.swift */; };
		0DA44248255ADC2F00C82076 /* SingUp.storyboard in Resources */ = {isa = PBXBuildFile; fileRef = 0DA44247255ADC2F00C82076 /* SingUp.storyboard */; };
		0DA4424A255ADC5900C82076 /* SingUpViewController.swift in Sources */ = {isa = PBXBuildFile; fileRef = 0DA44249255ADC5900C82076 /* SingUpViewController.swift */; };
		33D07E86255DB4B600272FBF /* MainScreenViewController.swift in Sources */ = {isa = PBXBuildFile; fileRef = 33D07E85255DB4B600272FBF /* MainScreenViewController.swift */; };
		33D07E8A255DB4C400272FBF /* MainScreen.storyboard in Resources */ = {isa = PBXBuildFile; fileRef = 33D07E89255DB4C400272FBF /* MainScreen.storyboard */; };
		33D07E8E255DC0CD00272FBF /* User_SubscriptionViewController.swift in Sources */ = {isa = PBXBuildFile; fileRef = 33D07E8D255DC0CD00272FBF /* User_SubscriptionViewController.swift */; };
		33D07E92255DC0D900272FBF /* User_Subscription.storyboard in Resources */ = {isa = PBXBuildFile; fileRef = 33D07E91255DC0D900272FBF /* User_Subscription.storyboard */; };
		33D07E9A255DC33A00272FBF /* User_InformacoesFinanceirasViewController.swift in Sources */ = {isa = PBXBuildFile; fileRef = 33D07E99255DC33A00272FBF /* User_InformacoesFinanceirasViewController.swift */; };
		33D07E9E255DC35000272FBF /* User_InformacoesFinanceiras.storyboard in Resources */ = {isa = PBXBuildFile; fileRef = 33D07E9D255DC35000272FBF /* User_InformacoesFinanceiras.storyboard */; };
		33D07EA4255DCE2000272FBF /* User_SocialNetworksViewController.swift in Sources */ = {isa = PBXBuildFile; fileRef = 33D07EA3255DCE2000272FBF /* User_SocialNetworksViewController.swift */; };
		33D07EA8255DCE2A00272FBF /* User_SocialNetworks.storyboard in Resources */ = {isa = PBXBuildFile; fileRef = 33D07EA7255DCE2A00272FBF /* User_SocialNetworks.storyboard */; };
/* End PBXBuildFile section */

/* Begin PBXFileReference section */
		0D1068C325693440002E5909 /* ProfileViewController.swift */ = {isa = PBXFileReference; lastKnownFileType = sourcecode.swift; path = ProfileViewController.swift; sourceTree = "<group>"; };
		0D1068C525693453002E5909 /* Profile.storyboard */ = {isa = PBXFileReference; lastKnownFileType = file.storyboard; path = Profile.storyboard; sourceTree = "<group>"; };
		0D1068C725693A15002E5909 /* Assets.xcassets */ = {isa = PBXFileReference; lastKnownFileType = folder.assetcatalog; path = Assets.xcassets; sourceTree = "<group>"; };
		0D1068CA25693C24002E5909 /* AdmActions.storyboard */ = {isa = PBXFileReference; lastKnownFileType = file.storyboard; path = AdmActions.storyboard; sourceTree = "<group>"; };
		0D1068CC25693EF5002E5909 /* AdmActionsViewController.swift */ = {isa = PBXFileReference; lastKnownFileType = sourcecode.swift; path = AdmActionsViewController.swift; sourceTree = "<group>"; };
		0D1068CE25693FC6002E5909 /* ActionsCell.swift */ = {isa = PBXFileReference; lastKnownFileType = sourcecode.swift; path = ActionsCell.swift; sourceTree = "<group>"; };
		0D1068D125694CF1002E5909 /* MonthAction.storyboard */ = {isa = PBXFileReference; lastKnownFileType = file.storyboard; path = MonthAction.storyboard; sourceTree = "<group>"; };
		0D1068D325695209002E5909 /* MonthActionViewController.swift */ = {isa = PBXFileReference; lastKnownFileType = sourcecode.swift; path = MonthActionViewController.swift; sourceTree = "<group>"; };
		0D1068D525695D72002E5909 /* Extensions.swift */ = {isa = PBXFileReference; lastKnownFileType = sourcecode.swift; path = Extensions.swift; sourceTree = "<group>"; };
		0D153B38256A9D8E00E391AB /* CreateAction.storyboard */ = {isa = PBXFileReference; lastKnownFileType = file.storyboard; path = CreateAction.storyboard; sourceTree = "<group>"; };
		0D153B3A256AA35400E391AB /* CreateActionViewController.swift */ = {isa = PBXFileReference; lastKnownFileType = sourcecode.swift; path = CreateActionViewController.swift; sourceTree = "<group>"; };
		0D153B3D256AB10900E391AB /* ParticipantsList.storyboard */ = {isa = PBXFileReference; lastKnownFileType = file.storyboard; path = ParticipantsList.storyboard; sourceTree = "<group>"; };
		0D153B3F256AB26600E391AB /* ParticipantsViewController.swift */ = {isa = PBXFileReference; lastKnownFileType = sourcecode.swift; path = ParticipantsViewController.swift; sourceTree = "<group>"; };
		0D153B41256AB28C00E391AB /* ParticipantsCell.swift */ = {isa = PBXFileReference; lastKnownFileType = sourcecode.swift; path = ParticipantsCell.swift; sourceTree = "<group>"; };
		0D778626255A235300255307 /* PI_G8_BeneficieApp.app */ = {isa = PBXFileReference; explicitFileType = wrapper.application; includeInIndex = 0; path = PI_G8_BeneficieApp.app; sourceTree = BUILT_PRODUCTS_DIR; };
		0D778629255A235300255307 /* AppDelegate.swift */ = {isa = PBXFileReference; lastKnownFileType = sourcecode.swift; path = AppDelegate.swift; sourceTree = "<group>"; };
		0D77862B255A235300255307 /* SceneDelegate.swift */ = {isa = PBXFileReference; lastKnownFileType = sourcecode.swift; path = SceneDelegate.swift; sourceTree = "<group>"; };
		0D77862D255A235300255307 /* ViewController.swift */ = {isa = PBXFileReference; lastKnownFileType = sourcecode.swift; path = ViewController.swift; sourceTree = "<group>"; };
		0D778630255A235300255307 /* Base */ = {isa = PBXFileReference; lastKnownFileType = file.storyboard; name = Base; path = Base.lproj/Main.storyboard; sourceTree = "<group>"; };
		0D778635255A235800255307 /* Base */ = {isa = PBXFileReference; lastKnownFileType = file.storyboard; name = Base; path = Base.lproj/LaunchScreen.storyboard; sourceTree = "<group>"; };
		0D778637255A235800255307 /* Info.plist */ = {isa = PBXFileReference; lastKnownFileType = text.plist.xml; path = Info.plist; sourceTree = "<group>"; };
		0D77863E255A260200255307 /* Login.storyboard */ = {isa = PBXFileReference; lastKnownFileType = file.storyboard; path = Login.storyboard; sourceTree = "<group>"; };
		0D778640255A263200255307 /* LoginViewController.swift */ = {isa = PBXFileReference; lastKnownFileType = sourcecode.swift; path = LoginViewController.swift; sourceTree = "<group>"; };
		0DA44247255ADC2F00C82076 /* SingUp.storyboard */ = {isa = PBXFileReference; lastKnownFileType = file.storyboard; path = SingUp.storyboard; sourceTree = "<group>"; };
		0DA44249255ADC5900C82076 /* SingUpViewController.swift */ = {isa = PBXFileReference; lastKnownFileType = sourcecode.swift; path = SingUpViewController.swift; sourceTree = "<group>"; };
		33D07E85255DB4B600272FBF /* MainScreenViewController.swift */ = {isa = PBXFileReference; lastKnownFileType = sourcecode.swift; path = MainScreenViewController.swift; sourceTree = "<group>"; };
		33D07E89255DB4C400272FBF /* MainScreen.storyboard */ = {isa = PBXFileReference; lastKnownFileType = file.storyboard; path = MainScreen.storyboard; sourceTree = "<group>"; };
		33D07E8D255DC0CD00272FBF /* User_SubscriptionViewController.swift */ = {isa = PBXFileReference; lastKnownFileType = sourcecode.swift; path = User_SubscriptionViewController.swift; sourceTree = "<group>"; };
		33D07E91255DC0D900272FBF /* User_Subscription.storyboard */ = {isa = PBXFileReference; lastKnownFileType = file.storyboard; path = User_Subscription.storyboard; sourceTree = "<group>"; };
		33D07E99255DC33A00272FBF /* User_InformacoesFinanceirasViewController.swift */ = {isa = PBXFileReference; lastKnownFileType = sourcecode.swift; path = User_InformacoesFinanceirasViewController.swift; sourceTree = "<group>"; };
		33D07E9D255DC35000272FBF /* User_InformacoesFinanceiras.storyboard */ = {isa = PBXFileReference; lastKnownFileType = file.storyboard; path = User_InformacoesFinanceiras.storyboard; sourceTree = "<group>"; };
		33D07EA3255DCE2000272FBF /* User_SocialNetworksViewController.swift */ = {isa = PBXFileReference; lastKnownFileType = sourcecode.swift; path = User_SocialNetworksViewController.swift; sourceTree = "<group>"; };
		33D07EA7255DCE2A00272FBF /* User_SocialNetworks.storyboard */ = {isa = PBXFileReference; lastKnownFileType = file.storyboard; path = User_SocialNetworks.storyboard; sourceTree = "<group>"; };
/* End PBXFileReference section */

/* Begin PBXFrameworksBuildPhase section */
		0D778623255A235300255307 /* Frameworks */ = {
			isa = PBXFrameworksBuildPhase;
			buildActionMask = 2147483647;
			files = (
			);
			runOnlyForDeploymentPostprocessing = 0;
		};
/* End PBXFrameworksBuildPhase section */

/* Begin PBXGroup section */
		0D1068C225693429002E5909 /* Profile */ = {
			isa = PBXGroup;
			children = (
				0D1068C325693440002E5909 /* ProfileViewController.swift */,
				0D1068C525693453002E5909 /* Profile.storyboard */,
			);
			path = Profile;
			sourceTree = "<group>";
		};
		0D1068C925693BB2002E5909 /* Adm_ListActions */ = {
			isa = PBXGroup;
			children = (
				0D1068CA25693C24002E5909 /* AdmActions.storyboard */,
				0D1068CC25693EF5002E5909 /* AdmActionsViewController.swift */,
				0D1068CE25693FC6002E5909 /* ActionsCell.swift */,
			);
			path = Adm_ListActions;
			sourceTree = "<group>";
		};
		0D1068D025694CC3002E5909 /* Adm_MonthAction */ = {
			isa = PBXGroup;
			children = (
				0D1068D125694CF1002E5909 /* MonthAction.storyboard */,
				0D1068D325695209002E5909 /* MonthActionViewController.swift */,
			);
			path = Adm_MonthAction;
			sourceTree = "<group>";
		};
		0D153B37256A9D5300E391AB /* Adm_CreateAction */ = {
			isa = PBXGroup;
			children = (
				0D153B38256A9D8E00E391AB /* CreateAction.storyboard */,
				0D153B3A256AA35400E391AB /* CreateActionViewController.swift */,
			);
			path = Adm_CreateAction;
			sourceTree = "<group>";
		};
		0D153B3C256AB03D00E391AB /* Adm_Participants */ = {
			isa = PBXGroup;
			children = (
				0D153B3D256AB10900E391AB /* ParticipantsList.storyboard */,
				0D153B3F256AB26600E391AB /* ParticipantsViewController.swift */,
				0D153B41256AB28C00E391AB /* ParticipantsCell.swift */,
			);
			path = Adm_Participants;
			sourceTree = "<group>";
		};
		0D77861D255A235300255307 = {
			isa = PBXGroup;
			children = (
				0D778628255A235300255307 /* PI_G8_BeneficieApp */,
				0D778627255A235300255307 /* Products */,
			);
			sourceTree = "<group>";
		};
		0D778627255A235300255307 /* Products */ = {
			isa = PBXGroup;
			children = (
				0D778626255A235300255307 /* PI_G8_BeneficieApp.app */,
			);
			name = Products;
			sourceTree = "<group>";
		};
		0D778628255A235300255307 /* PI_G8_BeneficieApp */ = {
			isa = PBXGroup;
			children = (
				0D153B3C256AB03D00E391AB /* Adm_Participants */,
				0D153B37256A9D5300E391AB /* Adm_CreateAction */,
				0D1068D025694CC3002E5909 /* Adm_MonthAction */,
				0D1068C925693BB2002E5909 /* Adm_ListActions */,
				0D1068C225693429002E5909 /* Profile */,
				33D07E84255DB41200272FBF /* MainScreen  */,
				0DA44244255ADBD200C82076 /* SingUp */,
				0D77863D255A25E500255307 /* SingIn */,
				33D07E8C255DBE2600272FBF /* User_Subscription */,
				33D07E98255DC2F800272FBF /* User_InformacoesFinanceiras */,
				33D07EA2255DCDFA00272FBF /* User_SocialNetworks */,
				0D778629255A235300255307 /* AppDelegate.swift */,
				0D77862B255A235300255307 /* SceneDelegate.swift */,
				0D77862D255A235300255307 /* ViewController.swift */,
				0D77862F255A235300255307 /* Main.storyboard */,
				0D778634255A235800255307 /* LaunchScreen.storyboard */,
				0D778637255A235800255307 /* Info.plist */,
				0D1068C725693A15002E5909 /* Assets.xcassets */,
				0D1068D525695D72002E5909 /* Extensions.swift */,
			);
			path = PI_G8_BeneficieApp;
			sourceTree = "<group>";
		};
		0D77863D255A25E500255307 /* SingIn */ = {
			isa = PBXGroup;
			children = (
				0D77863E255A260200255307 /* Login.storyboard */,
				0D778640255A263200255307 /* LoginViewController.swift */,
			);
			path = SingIn;
			sourceTree = "<group>";
		};
		0DA44244255ADBD200C82076 /* SingUp */ = {
			isa = PBXGroup;
			children = (
				0DA44247255ADC2F00C82076 /* SingUp.storyboard */,
				0DA44249255ADC5900C82076 /* SingUpViewController.swift */,
			);
			path = SingUp;
			sourceTree = "<group>";
		};
		33D07E84255DB41200272FBF /* MainScreen  */ = {
			isa = PBXGroup;
			children = (
				33D07E85255DB4B600272FBF /* MainScreenViewController.swift */,
				33D07E89255DB4C400272FBF /* MainScreen.storyboard */,
			);
			path = "MainScreen ";
			sourceTree = "<group>";
		};
		33D07E8C255DBE2600272FBF /* User_Subscription */ = {
			isa = PBXGroup;
			children = (
				33D07E8D255DC0CD00272FBF /* User_SubscriptionViewController.swift */,
				33D07E91255DC0D900272FBF /* User_Subscription.storyboard */,
			);
			path = User_Subscription;
			sourceTree = "<group>";
		};
		33D07E98255DC2F800272FBF /* User_InformacoesFinanceiras */ = {
			isa = PBXGroup;
			children = (
				33D07E99255DC33A00272FBF /* User_InformacoesFinanceirasViewController.swift */,
				33D07E9D255DC35000272FBF /* User_InformacoesFinanceiras.storyboard */,
			);
			path = User_InformacoesFinanceiras;
			sourceTree = "<group>";
		};
		33D07EA2255DCDFA00272FBF /* User_SocialNetworks */ = {
			isa = PBXGroup;
			children = (
				33D07EA3255DCE2000272FBF /* User_SocialNetworksViewController.swift */,
				33D07EA7255DCE2A00272FBF /* User_SocialNetworks.storyboard */,
			);
			path = User_SocialNetworks;
			sourceTree = "<group>";
		};
/* End PBXGroup section */

/* Begin PBXNativeTarget section */
		0D778625255A235300255307 /* PI_G8_BeneficieApp */ = {
			isa = PBXNativeTarget;
			buildConfigurationList = 0D77863A255A235800255307 /* Build configuration list for PBXNativeTarget "PI_G8_BeneficieApp" */;
			buildPhases = (
				0D778622255A235300255307 /* Sources */,
				0D778623255A235300255307 /* Frameworks */,
				0D778624255A235300255307 /* Resources */,
			);
			buildRules = (
			);
			dependencies = (
			);
			name = PI_G8_BeneficieApp;
			productName = PI_G8_BeneficieApp;
			productReference = 0D778626255A235300255307 /* PI_G8_BeneficieApp.app */;
			productType = "com.apple.product-type.application";
		};
/* End PBXNativeTarget section */

/* Begin PBXProject section */
		0D77861E255A235300255307 /* Project object */ = {
			isa = PBXProject;
			attributes = {
				LastSwiftUpdateCheck = 1130;
				LastUpgradeCheck = 1130;
				ORGANIZATIONNAME = "Juan Souza";
				TargetAttributes = {
					0D778625255A235300255307 = {
						CreatedOnToolsVersion = 11.3.1;
					};
				};
			};
			buildConfigurationList = 0D778621255A235300255307 /* Build configuration list for PBXProject "PI_G8_BeneficieApp" */;
			compatibilityVersion = "Xcode 9.3";
			developmentRegion = en;
			hasScannedForEncodings = 0;
			knownRegions = (
				en,
				Base,
			);
			mainGroup = 0D77861D255A235300255307;
			productRefGroup = 0D778627255A235300255307 /* Products */;
			projectDirPath = "";
			projectRoot = "";
			targets = (
				0D778625255A235300255307 /* PI_G8_BeneficieApp */,
			);
		};
/* End PBXProject section */

/* Begin PBXResourcesBuildPhase section */
		0D778624255A235300255307 /* Resources */ = {
			isa = PBXResourcesBuildPhase;
			buildActionMask = 2147483647;
			files = (
				0D778636255A235800255307 /* LaunchScreen.storyboard in Resources */,
				0DA44248255ADC2F00C82076 /* SingUp.storyboard in Resources */,
				0D153B3E256AB10900E391AB /* ParticipantsList.storyboard in Resources */,
				0D153B39256A9D8E00E391AB /* CreateAction.storyboard in Resources */,
				0D778631255A235300255307 /* Main.storyboard in Resources */,
				33D07E9E255DC35000272FBF /* User_InformacoesFinanceiras.storyboard in Resources */,
				0D1068C825693A15002E5909 /* Assets.xcassets in Resources */,
				0D1068C625693453002E5909 /* Profile.storyboard in Resources */,
				0D1068CB25693C24002E5909 /* AdmActions.storyboard in Resources */,
				33D07EA8255DCE2A00272FBF /* User_SocialNetworks.storyboard in Resources */,
				33D07E92255DC0D900272FBF /* User_Subscription.storyboard in Resources */,
				0D1068D225694CF1002E5909 /* MonthAction.storyboard in Resources */,
				0D77863F255A260200255307 /* Login.storyboard in Resources */,
				33D07E8A255DB4C400272FBF /* MainScreen.storyboard in Resources */,
			);
			runOnlyForDeploymentPostprocessing = 0;
		};
/* End PBXResourcesBuildPhase section */

/* Begin PBXSourcesBuildPhase section */
		0D778622255A235300255307 /* Sources */ = {
			isa = PBXSourcesBuildPhase;
			buildActionMask = 2147483647;
			files = (
				33D07E9A255DC33A00272FBF /* User_InformacoesFinanceirasViewController.swift in Sources */,
				33D07E8E255DC0CD00272FBF /* User_SubscriptionViewController.swift in Sources */,
				0D1068C425693440002E5909 /* ProfileViewController.swift in Sources */,
				0D778641255A263200255307 /* LoginViewController.swift in Sources */,
				0D77862E255A235300255307 /* ViewController.swift in Sources */,
				0D1068CF25693FC6002E5909 /* ActionsCell.swift in Sources */,
				0D153B3B256AA35400E391AB /* CreateActionViewController.swift in Sources */,
				0D153B42256AB28C00E391AB /* ParticipantsCell.swift in Sources */,
				0D77862A255A235300255307 /* AppDelegate.swift in Sources */,
				0D153B40256AB26600E391AB /* ParticipantsViewController.swift in Sources */,
				0D1068CD25693EF5002E5909 /* AdmActionsViewController.swift in Sources */,
				0D1068D425695209002E5909 /* MonthActionViewController.swift in Sources */,
				0DA4424A255ADC5900C82076 /* SingUpViewController.swift in Sources */,
				0D77862C255A235300255307 /* SceneDelegate.swift in Sources */,
				33D07E86255DB4B600272FBF /* MainScreenViewController.swift in Sources */,
				33D07EA4255DCE2000272FBF /* User_SocialNetworksViewController.swift in Sources */,
				0D1068D625695D72002E5909 /* Extensions.swift in Sources */,
			);
			runOnlyForDeploymentPostprocessing = 0;
		};
/* End PBXSourcesBuildPhase section */

/* Begin PBXVariantGroup section */
		0D77862F255A235300255307 /* Main.storyboard */ = {
			isa = PBXVariantGroup;
			children = (
				0D778630255A235300255307 /* Base */,
			);
			name = Main.storyboard;
			sourceTree = "<group>";
		};
		0D778634255A235800255307 /* LaunchScreen.storyboard */ = {
			isa = PBXVariantGroup;
			children = (
				0D778635255A235800255307 /* Base */,
			);
			name = LaunchScreen.storyboard;
			sourceTree = "<group>";
		};
/* End PBXVariantGroup section */

/* Begin XCBuildConfiguration section */
		0D778638255A235800255307 /* Debug */ = {
			isa = XCBuildConfiguration;
			buildSettings = {
				ALWAYS_SEARCH_USER_PATHS = NO;
				CLANG_ANALYZER_NONNULL = YES;
				CLANG_ANALYZER_NUMBER_OBJECT_CONVERSION = YES_AGGRESSIVE;
				CLANG_CXX_LANGUAGE_STANDARD = "gnu++14";
				CLANG_CXX_LIBRARY = "libc++";
				CLANG_ENABLE_MODULES = YES;
				CLANG_ENABLE_OBJC_ARC = YES;
				CLANG_ENABLE_OBJC_WEAK = YES;
				CLANG_WARN_BLOCK_CAPTURE_AUTORELEASING = YES;
				CLANG_WARN_BOOL_CONVERSION = YES;
				CLANG_WARN_COMMA = YES;
				CLANG_WARN_CONSTANT_CONVERSION = YES;
				CLANG_WARN_DEPRECATED_OBJC_IMPLEMENTATIONS = YES;
				CLANG_WARN_DIRECT_OBJC_ISA_USAGE = YES_ERROR;
				CLANG_WARN_DOCUMENTATION_COMMENTS = YES;
				CLANG_WARN_EMPTY_BODY = YES;
				CLANG_WARN_ENUM_CONVERSION = YES;
				CLANG_WARN_INFINITE_RECURSION = YES;
				CLANG_WARN_INT_CONVERSION = YES;
				CLANG_WARN_NON_LITERAL_NULL_CONVERSION = YES;
				CLANG_WARN_OBJC_IMPLICIT_RETAIN_SELF = YES;
				CLANG_WARN_OBJC_LITERAL_CONVERSION = YES;
				CLANG_WARN_OBJC_ROOT_CLASS = YES_ERROR;
				CLANG_WARN_RANGE_LOOP_ANALYSIS = YES;
				CLANG_WARN_STRICT_PROTOTYPES = YES;
				CLANG_WARN_SUSPICIOUS_MOVE = YES;
				CLANG_WARN_UNGUARDED_AVAILABILITY = YES_AGGRESSIVE;
				CLANG_WARN_UNREACHABLE_CODE = YES;
				CLANG_WARN__DUPLICATE_METHOD_MATCH = YES;
				COPY_PHASE_STRIP = NO;
				DEBUG_INFORMATION_FORMAT = dwarf;
				ENABLE_STRICT_OBJC_MSGSEND = YES;
				ENABLE_TESTABILITY = YES;
				GCC_C_LANGUAGE_STANDARD = gnu11;
				GCC_DYNAMIC_NO_PIC = NO;
				GCC_NO_COMMON_BLOCKS = YES;
				GCC_OPTIMIZATION_LEVEL = 0;
				GCC_PREPROCESSOR_DEFINITIONS = (
					"DEBUG=1",
					"$(inherited)",
				);
				GCC_WARN_64_TO_32_BIT_CONVERSION = YES;
				GCC_WARN_ABOUT_RETURN_TYPE = YES_ERROR;
				GCC_WARN_UNDECLARED_SELECTOR = YES;
				GCC_WARN_UNINITIALIZED_AUTOS = YES_AGGRESSIVE;
				GCC_WARN_UNUSED_FUNCTION = YES;
				GCC_WARN_UNUSED_VARIABLE = YES;
				IPHONEOS_DEPLOYMENT_TARGET = 13.2;
				MTL_ENABLE_DEBUG_INFO = INCLUDE_SOURCE;
				MTL_FAST_MATH = YES;
				ONLY_ACTIVE_ARCH = YES;
				SDKROOT = iphoneos;
				SWIFT_ACTIVE_COMPILATION_CONDITIONS = DEBUG;
				SWIFT_OPTIMIZATION_LEVEL = "-Onone";
			};
			name = Debug;
		};
		0D778639255A235800255307 /* Release */ = {
			isa = XCBuildConfiguration;
			buildSettings = {
				ALWAYS_SEARCH_USER_PATHS = NO;
				CLANG_ANALYZER_NONNULL = YES;
				CLANG_ANALYZER_NUMBER_OBJECT_CONVERSION = YES_AGGRESSIVE;
				CLANG_CXX_LANGUAGE_STANDARD = "gnu++14";
				CLANG_CXX_LIBRARY = "libc++";
				CLANG_ENABLE_MODULES = YES;
				CLANG_ENABLE_OBJC_ARC = YES;
				CLANG_ENABLE_OBJC_WEAK = YES;
				CLANG_WARN_BLOCK_CAPTURE_AUTORELEASING = YES;
				CLANG_WARN_BOOL_CONVERSION = YES;
				CLANG_WARN_COMMA = YES;
				CLANG_WARN_CONSTANT_CONVERSION = YES;
				CLANG_WARN_DEPRECATED_OBJC_IMPLEMENTATIONS = YES;
				CLANG_WARN_DIRECT_OBJC_ISA_USAGE = YES_ERROR;
				CLANG_WARN_DOCUMENTATION_COMMENTS = YES;
				CLANG_WARN_EMPTY_BODY = YES;
				CLANG_WARN_ENUM_CONVERSION = YES;
				CLANG_WARN_INFINITE_RECURSION = YES;
				CLANG_WARN_INT_CONVERSION = YES;
				CLANG_WARN_NON_LITERAL_NULL_CONVERSION = YES;
				CLANG_WARN_OBJC_IMPLICIT_RETAIN_SELF = YES;
				CLANG_WARN_OBJC_LITERAL_CONVERSION = YES;
				CLANG_WARN_OBJC_ROOT_CLASS = YES_ERROR;
				CLANG_WARN_RANGE_LOOP_ANALYSIS = YES;
				CLANG_WARN_STRICT_PROTOTYPES = YES;
				CLANG_WARN_SUSPICIOUS_MOVE = YES;
				CLANG_WARN_UNGUARDED_AVAILABILITY = YES_AGGRESSIVE;
				CLANG_WARN_UNREACHABLE_CODE = YES;
				CLANG_WARN__DUPLICATE_METHOD_MATCH = YES;
				COPY_PHASE_STRIP = NO;
				DEBUG_INFORMATION_FORMAT = "dwarf-with-dsym";
				ENABLE_NS_ASSERTIONS = NO;
				ENABLE_STRICT_OBJC_MSGSEND = YES;
				GCC_C_LANGUAGE_STANDARD = gnu11;
				GCC_NO_COMMON_BLOCKS = YES;
				GCC_WARN_64_TO_32_BIT_CONVERSION = YES;
				GCC_WARN_ABOUT_RETURN_TYPE = YES_ERROR;
				GCC_WARN_UNDECLARED_SELECTOR = YES;
				GCC_WARN_UNINITIALIZED_AUTOS = YES_AGGRESSIVE;
				GCC_WARN_UNUSED_FUNCTION = YES;
				GCC_WARN_UNUSED_VARIABLE = YES;
				IPHONEOS_DEPLOYMENT_TARGET = 13.2;
				MTL_ENABLE_DEBUG_INFO = NO;
				MTL_FAST_MATH = YES;
				SDKROOT = iphoneos;
				SWIFT_COMPILATION_MODE = wholemodule;
				SWIFT_OPTIMIZATION_LEVEL = "-O";
				VALIDATE_PRODUCT = YES;
			};
			name = Release;
		};
		0D77863B255A235800255307 /* Debug */ = {
			isa = XCBuildConfiguration;
			buildSettings = {
				ASSETCATALOG_COMPILER_APPICON_NAME = AppIcon;
				CODE_SIGN_STYLE = Automatic;
				DEVELOPMENT_TEAM = 682P77XX9D;
				INFOPLIST_FILE = PI_G8_BeneficieApp/Info.plist;
				LD_RUNPATH_SEARCH_PATHS = (
					"$(inherited)",
					"@executable_path/Frameworks",
				);
				PRODUCT_BUNDLE_IDENTIFIER = "com.juansouza.PI-G8-BeneficieApp";
				PRODUCT_NAME = "$(TARGET_NAME)";
				SWIFT_VERSION = 5.0;
				TARGETED_DEVICE_FAMILY = "1,2";
			};
			name = Debug;
		};
		0D77863C255A235800255307 /* Release */ = {
			isa = XCBuildConfiguration;
			buildSettings = {
				ASSETCATALOG_COMPILER_APPICON_NAME = AppIcon;
				CODE_SIGN_STYLE = Automatic;
				DEVELOPMENT_TEAM = 682P77XX9D;
				INFOPLIST_FILE = PI_G8_BeneficieApp/Info.plist;
				LD_RUNPATH_SEARCH_PATHS = (
					"$(inherited)",
					"@executable_path/Frameworks",
				);
				PRODUCT_BUNDLE_IDENTIFIER = "com.juansouza.PI-G8-BeneficieApp";
				PRODUCT_NAME = "$(TARGET_NAME)";
				SWIFT_VERSION = 5.0;
				TARGETED_DEVICE_FAMILY = "1,2";
			};
			name = Release;
		};
/* End XCBuildConfiguration section */

/* Begin XCConfigurationList section */
		0D778621255A235300255307 /* Build configuration list for PBXProject "PI_G8_BeneficieApp" */ = {
			isa = XCConfigurationList;
			buildConfigurations = (
				0D778638255A235800255307 /* Debug */,
				0D778639255A235800255307 /* Release */,
			);
			defaultConfigurationIsVisible = 0;
			defaultConfigurationName = Release;
		};
		0D77863A255A235800255307 /* Build configuration list for PBXNativeTarget "PI_G8_BeneficieApp" */ = {
			isa = XCConfigurationList;
			buildConfigurations = (
				0D77863B255A235800255307 /* Debug */,
				0D77863C255A235800255307 /* Release */,
			);
			defaultConfigurationIsVisible = 0;
			defaultConfigurationName = Release;
		};
/* End XCConfigurationList section */
	};
	rootObject = 0D77861E255A235300255307 /* Project object */;
}
